
Microsoft Visual Studio Solution File, Format Version 12.00
# Visual Studio Version 16
VisualStudioVersion = 16.0.30523.141
MinimumVisualStudioVersion = 10.0.40219.1
Project("{FAE04EC0-301F-11D3-BF4B-00C04F79EFBC}") = "UperGrafX CDM and Rom Fixer", "UperGrafX CDM and Rom Fixer\UperGrafX CDM and Rom Fixer.csproj", "{9ECBB47D-E03D-4B0B-8A48-21680508E445}"
EndProject
Global
	GlobalSection(SolutionConfigurationPlatforms) = preSolution
		Debug|Any CPU = Debug|Any CPU
		Release|Any CPU = Release|Any CPU
	EndGlobalSection
	GlobalSection(ProjectConfigurationPlatforms) = postSolution
		{9ECBB47D-E03D-4B0B-8A48-21680508E445}.Debug|Any CPU.ActiveCfg = Debug|Any CPU
		{9ECBB47D-E03D-4B0B-8A48-21680508E445}.Debug|Any CPU.Build.0 = Debug|Any CPU
		{9ECBB47D-E03D-4B0B-8A48-21680508E445}.Release|Any CPU.ActiveCfg = Release|Any CPU
		{9ECBB47D-E03D-4B0B-8A48-21680508E445}.Release|Any CPU.Build.0 = Release|Any CPU
	EndGlobalSection
	GlobalSection(SolutionProperties) = preSolution
		HideSolutionNode = FALSE
	EndGlobalSection
	GlobalSection(ExtensibilityGlobals) = postSolution
		SolutionGuid = {CD8149FB-16FA-4713-8494-E3064DB47389}
	EndGlobalSection
EndGlobal
